
Microsoft Visual Studio Solution File, Format Version 12.00
# Visual Studio Version 17
VisualStudioVersion = 17.3.32922.545
MinimumVisualStudioVersion = 10.0.40219.1
Project("{8BC9CEB8-8B4A-11D0-8D11-00A0C91BC942}") = "USACO_1", "USACO_1.vcxproj", "{CF512027-BEF3-41D8-9743-06FE7D4EA557}"
EndProject
Global
	GlobalSection(SolutionConfigurationPlatforms) = preSolution
		Debug|x64 = Debug|x64
		Debug|x86 = Debug|x86
		Release|x64 = Release|x64
		Release|x86 = Release|x86
	EndGlobalSection
	GlobalSection(ProjectConfigurationPlatforms) = postSolution
		{CF512027-BEF3-41D8-9743-06FE7D4EA557}.Debug|x64.ActiveCfg = Debug|x64
		{CF512027-BEF3-41D8-9743-06FE7D4EA557}.Debug|x64.Build.0 = Debug|x64
		{CF512027-BEF3-41D8-9743-06FE7D4EA557}.Debug|x86.ActiveCfg = Debug|Win32
		{CF512027-BEF3-41D8-9743-06FE7D4EA557}.Debug|x86.Build.0 = Debug|Win32
		{CF512027-BEF3-41D8-9743-06FE7D4EA557}.Release|x64.ActiveCfg = Release|x64
		{CF512027-BEF3-41D8-9743-06FE7D4EA557}.Release|x64.Build.0 = Release|x64
		{CF512027-BEF3-41D8-9743-06FE7D4EA557}.Release|x86.ActiveCfg = Release|Win32
		{CF512027-BEF3-41D8-9743-06FE7D4EA557}.Release|x86.Build.0 = Release|Win32
	EndGlobalSection
	GlobalSection(SolutionProperties) = preSolution
		HideSolutionNode = FALSE
	EndGlobalSection
	GlobalSection(ExtensibilityGlobals) = postSolution
		SolutionGuid = {28F60DCB-D8AD-4167-8F46-D68C45D94AAB}
	EndGlobalSection
EndGlobal
