
Microsoft Visual Studio Solution File, Format Version 12.00
# Visual Studio Version 17
VisualStudioVersion = 17.3.32922.545
MinimumVisualStudioVersion = 10.0.40219.1
Project("{8BC9CEB8-8B4A-11D0-8D11-00A0C91BC942}") = "CodingTest", "CodingTest.vcxproj", "{ECCE0E7A-15AD-4B4F-9A4B-11A9B7EC2CE1}"
EndProject
Project("{8BC9CEB8-8B4A-11D0-8D11-00A0C91BC942}") = "p10809", "..\p10809\p10809.vcxproj", "{C94437D9-C73F-4A7F-A0CC-BAE7B5AACE81}"
EndProject
Project("{8BC9CEB8-8B4A-11D0-8D11-00A0C91BC942}") = "p11720", "..\p11720\p11720.vcxproj", "{B3451E61-1C4A-4FAF-A69A-BAFE958B57FB}"
EndProject
Project("{8BC9CEB8-8B4A-11D0-8D11-00A0C91BC942}") = "p2675", "..\p2675\p2675.vcxproj", "{E729F793-FCF2-4B6A-8014-093D40B04A2F}"
EndProject
Global
	GlobalSection(SolutionConfigurationPlatforms) = preSolution
		Debug|x64 = Debug|x64
		Debug|x86 = Debug|x86
		Release|x64 = Release|x64
		Release|x86 = Release|x86
	EndGlobalSection
	GlobalSection(ProjectConfigurationPlatforms) = postSolution
		{ECCE0E7A-15AD-4B4F-9A4B-11A9B7EC2CE1}.Debug|x64.ActiveCfg = Debug|x64
		{ECCE0E7A-15AD-4B4F-9A4B-11A9B7EC2CE1}.Debug|x64.Build.0 = Debug|x64
		{ECCE0E7A-15AD-4B4F-9A4B-11A9B7EC2CE1}.Debug|x86.ActiveCfg = Debug|Win32
		{ECCE0E7A-15AD-4B4F-9A4B-11A9B7EC2CE1}.Debug|x86.Build.0 = Debug|Win32
		{ECCE0E7A-15AD-4B4F-9A4B-11A9B7EC2CE1}.Release|x64.ActiveCfg = Release|x64
		{ECCE0E7A-15AD-4B4F-9A4B-11A9B7EC2CE1}.Release|x64.Build.0 = Release|x64
		{ECCE0E7A-15AD-4B4F-9A4B-11A9B7EC2CE1}.Release|x86.ActiveCfg = Release|Win32
		{ECCE0E7A-15AD-4B4F-9A4B-11A9B7EC2CE1}.Release|x86.Build.0 = Release|Win32
		{C94437D9-C73F-4A7F-A0CC-BAE7B5AACE81}.Debug|x64.ActiveCfg = Debug|x64
		{C94437D9-C73F-4A7F-A0CC-BAE7B5AACE81}.Debug|x64.Build.0 = Debug|x64
		{C94437D9-C73F-4A7F-A0CC-BAE7B5AACE81}.Debug|x86.ActiveCfg = Debug|Win32
		{C94437D9-C73F-4A7F-A0CC-BAE7B5AACE81}.Debug|x86.Build.0 = Debug|Win32
		{C94437D9-C73F-4A7F-A0CC-BAE7B5AACE81}.Release|x64.ActiveCfg = Release|x64
		{C94437D9-C73F-4A7F-A0CC-BAE7B5AACE81}.Release|x64.Build.0 = Release|x64
		{C94437D9-C73F-4A7F-A0CC-BAE7B5AACE81}.Release|x86.ActiveCfg = Release|Win32
		{C94437D9-C73F-4A7F-A0CC-BAE7B5AACE81}.Release|x86.Build.0 = Release|Win32
		{B3451E61-1C4A-4FAF-A69A-BAFE958B57FB}.Debug|x64.ActiveCfg = Debug|x64
		{B3451E61-1C4A-4FAF-A69A-BAFE958B57FB}.Debug|x64.Build.0 = Debug|x64
		{B3451E61-1C4A-4FAF-A69A-BAFE958B57FB}.Debug|x86.ActiveCfg = Debug|Win32
		{B3451E61-1C4A-4FAF-A69A-BAFE958B57FB}.Debug|x86.Build.0 = Debug|Win32
		{B3451E61-1C4A-4FAF-A69A-BAFE958B57FB}.Release|x64.ActiveCfg = Release|x64
		{B3451E61-1C4A-4FAF-A69A-BAFE958B57FB}.Release|x64.Build.0 = Release|x64
		{B3451E61-1C4A-4FAF-A69A-BAFE958B57FB}.Release|x86.ActiveCfg = Release|Win32
		{B3451E61-1C4A-4FAF-A69A-BAFE958B57FB}.Release|x86.Build.0 = Release|Win32
		{E729F793-FCF2-4B6A-8014-093D40B04A2F}.Debug|x64.ActiveCfg = Debug|x64
		{E729F793-FCF2-4B6A-8014-093D40B04A2F}.Debug|x64.Build.0 = Debug|x64
		{E729F793-FCF2-4B6A-8014-093D40B04A2F}.Debug|x86.ActiveCfg = Debug|Win32
		{E729F793-FCF2-4B6A-8014-093D40B04A2F}.Debug|x86.Build.0 = Debug|Win32
		{E729F793-FCF2-4B6A-8014-093D40B04A2F}.Release|x64.ActiveCfg = Release|x64
		{E729F793-FCF2-4B6A-8014-093D40B04A2F}.Release|x64.Build.0 = Release|x64
		{E729F793-FCF2-4B6A-8014-093D40B04A2F}.Release|x86.ActiveCfg = Release|Win32
		{E729F793-FCF2-4B6A-8014-093D40B04A2F}.Release|x86.Build.0 = Release|Win32
	EndGlobalSection
	GlobalSection(SolutionProperties) = preSolution
		HideSolutionNode = FALSE
	EndGlobalSection
	GlobalSection(ExtensibilityGlobals) = postSolution
		SolutionGuid = {16A9A981-9463-4DA1-8CE8-0256D55C1D35}
	EndGlobalSection
EndGlobal
